
Microsoft Visual Studio Solution File, Format Version 12.00
# Visual Studio Version 16
VisualStudioVersion = 16.0.28606.126
MinimumVisualStudioVersion = 10.0.40219.1
Project("{9A19103F-16F7-4668-BE54-9A1E7A4F7556}") = "MontyHallProblem", "src\MontyHallProblem.csproj", "{C5D37BE8-48F0-404E-BC79-C2114CD3719B}"
EndProject
Global
	GlobalSection(SolutionConfigurationPlatforms) = preSolution
		Debug|Any CPU = Debug|Any CPU
		Release|Any CPU = Release|Any CPU
	EndGlobalSection
	GlobalSection(ProjectConfigurationPlatforms) = postSolution
		{C5D37BE8-48F0-404E-BC79-C2114CD3719B}.Debug|Any CPU.ActiveCfg = Debug|Any CPU
		{C5D37BE8-48F0-404E-BC79-C2114CD3719B}.Debug|Any CPU.Build.0 = Debug|Any CPU
		{C5D37BE8-48F0-404E-BC79-C2114CD3719B}.Release|Any CPU.ActiveCfg = Release|Any CPU
		{C5D37BE8-48F0-404E-BC79-C2114CD3719B}.Release|Any CPU.Build.0 = Release|Any CPU
	EndGlobalSection
	GlobalSection(SolutionProperties) = preSolution
		HideSolutionNode = FALSE
	EndGlobalSection
	GlobalSection(ExtensibilityGlobals) = postSolution
		SolutionGuid = {104D77DC-A14F-4FA2-9D94-4B05FF624792}
	EndGlobalSection
EndGlobal
